
Microsoft Visual Studio Solution File, Format Version 12.00
# Visual Studio Version 17
VisualStudioVersion = 17.5.33530.505
MinimumVisualStudioVersion = 10.0.40219.1
Project("{FAE04EC0-301F-11D3-BF4B-00C04F79EFBC}") = "Exam_Zoo", "Exam_Zoo\Exam_Zoo.csproj", "{E9060243-A746-4583-9F67-F562CDF74642}"
EndProject
Project("{2150E333-8FDC-42A3-9474-1A3956D46DE8}") = "Solution Items", "Solution Items", "{5BF7531C-979E-49B1-8A86-8FF7821620B1}"
EndProject
Global
	GlobalSection(SolutionConfigurationPlatforms) = preSolution
		Debug|Any CPU = Debug|Any CPU
		Release|Any CPU = Release|Any CPU
	EndGlobalSection
	GlobalSection(ProjectConfigurationPlatforms) = postSolution
		{E9060243-A746-4583-9F67-F562CDF74642}.Debug|Any CPU.ActiveCfg = Debug|Any CPU
		{E9060243-A746-4583-9F67-F562CDF74642}.Debug|Any CPU.Build.0 = Debug|Any CPU
		{E9060243-A746-4583-9F67-F562CDF74642}.Release|Any CPU.ActiveCfg = Release|Any CPU
		{E9060243-A746-4583-9F67-F562CDF74642}.Release|Any CPU.Build.0 = Release|Any CPU
	EndGlobalSection
	GlobalSection(SolutionProperties) = preSolution
		HideSolutionNode = FALSE
	EndGlobalSection
	GlobalSection(ExtensibilityGlobals) = postSolution
		SolutionGuid = {19784729-9456-4526-9ACC-B6F341A5FA46}
	EndGlobalSection
EndGlobal
